{
  "version": "5",
  "specifiers": {
    "npm:@supabase/supabase-js@2.116.0": "2.116.0",
    "npm:better-auth@1.7.4": "1.7.4_pg@8.23.0_@better-auth+utils@0.4.2_@better-fetch+fetch@1.3.1_better-call@1.4.0__zod@4.6.4_jose@6.2.12_kysely@0.29.5_nanostores@1.5.3_@better-auth+core@1.7.4__@better-auth+utils@0.4.2__@better-fetch+fetch@1.3.1__better-call@1.4.0___zod@4.6.4__jose@6.2.12__kysely@0.29.5__nanostores@1.5.3__zod@4.6.4_zod@4.6.4",
    "npm:pg@8.23.0": "8.23.0"
  },
  "npm": {
    "@better-auth/core@1.7.4_@better-auth+utils@0.4.2_@better-fetch+fetch@1.3.1_better-call@1.4.0__zod@4.6.4_jose@6.2.12_kysely@0.29.5_nanostores@1.5.3_zod@4.6.4": {
      "integrity": "sha512-g66dKOMB5PLxoujkxkZeYb6dh5wLhfAx/D+w9XtcO669Dslnyen2naBYqnD1r5ZwnxFKcr6aSrUPaH952V89Lg==",
      "dependencies": [
        "@better-auth/utils@0.4.2",
        "@better-fetch/fetch",
        "@opentelemetry/semantic-conventions",
        "@standard-schema/spec",
        "better-call",
        "jose",
        "kysely",
        "nanostores",
        "zod"
      ]
    },
    "@better-auth/drizzle-adapter@1.7.4_@better-auth+core@1.7.4__@better-auth+utils@0.4.2__@better-fetch+fetch@1.3.1__better-call@1.4.0___zod@4.6.4__jose@6.2.12__kysely@0.29.5__nanostores@1.5.3__zod@4.6.4_@better-auth+utils@0.4.2_@better-fetch+fetch@1.3.1_better-call@1.4.0__zod@4.6.4_jose@6.2.12_kysely@0.29.5_nanostores@1.5.3": {
      "integrity": "sha512-J9JMl0DGYNYwtDj5nq/fzycU9dzPUDEtTNn89KmToUrwPDGfByDgfmiQ9jGK+LN3EnfsG1Pt/dDmRocbnfihlA==",
      "dependencies": [
        "@better-auth/core",
        "@better-auth/utils@0.4.2"
      ]
    },
    "@better-auth/kysely-adapter@1.7.4_@better-auth+core@1.7.4__@better-auth+utils@0.4.2__@better-fetch+fetch@1.3.1__better-call@1.4.0___zod@4.6.4__jose@6.2.12__kysely@0.29.5__nanostores@1.5.3__zod@4.6.4_@better-auth+utils@0.4.2_kysely@0.29.5_@better-fetch+fetch@1.3.1_better-call@1.4.0__zod@4.6.4_jose@6.2.12_nanostores@1.5.3": {
      "integrity": "sha512-WHLsTs4ZwTKorifdK6Whol6Zy+0gIzOJEXzWsvzmLtlT1uIZFpd7IPBlDZTrXvIZnxPWJHPIv8/uHqS9QFPZOA==",
      "dependencies": [
        "@better-auth/core",
        "@better-auth/utils@0.4.2",
        "kysely"
      ],
      "optionalPeers": [
        "kysely"
      ]
    },
    "@better-auth/memory-adapter@1.7.4_@better-auth+core@1.7.4__@better-auth+utils@0.4.2__@better-fetch+fetch@1.3.1__better-call@1.4.0___zod@4.6.4__jose@6.2.12__kysely@0.29.5__nanostores@1.5.3__zod@4.6.4_@better-auth+utils@0.4.2_@better-fetch+fetch@1.3.1_better-call@1.4.0__zod@4.6.4_jose@6.2.12_kysely@0.29.5_nanostores@1.5.3": {
      "integrity": "sha512-xAihOPh4mFjvKLzmu2XNzj7RchDmytA/d/xjrGyps1oHVGCTGDGghlSt/rIT5fagtTn2R9+TBLh5QrZnTvYu9g==",
      "dependencies": [
        "@better-auth/core",
        "@better-auth/utils@0.4.2"
      ]
    },
    "@better-auth/mongo-adapter@1.7.4_@better-auth+core@1.7.4__@better-auth+utils@0.4.2__@better-fetch+fetch@1.3.1__better-call@1.4.0___zod@4.6.4__jose@6.2.12__kysely@0.29.5__nanostores@1.5.3__zod@4.6.4_@better-auth+utils@0.4.2_@better-fetch+fetch@1.3.1_better-call@1.4.0__zod@4.6.4_jose@6.2.12_kysely@0.29.5_nanostores@1.5.3": {
      "integrity": "sha512-sIdIc8vONXgQxKPfzL4bbk6gO3gdFEDzC5VG8rD18xSFB6j7blBKcuzOofbswbwwbyuspnshoViGRqSoqp2PnA==",
      "dependencies": [
        "@better-auth/core",
        "@better-auth/utils@0.4.2"
      ]
    },
    "@better-auth/prisma-adapter@1.7.4_@better-auth+core@1.7.4__@better-auth+utils@0.4.2__@better-fetch+fetch@1.3.1__better-call@1.4.0___zod@4.6.4__jose@6.2.12__kysely@0.29.5__nanostores@1.5.3__zod@4.6.4_@better-auth+utils@0.4.2_@better-fetch+fetch@1.3.1_better-call@1.4.0__zod@4.6.4_jose@6.2.12_kysely@0.29.5_nanostores@1.5.3": {
      "integrity": "sha512-cvsMNaXLcwQiAIxQCx5Gq2VA1reW4RjkC5oLNXNJR4IhgeiqcvYF6qKF6UEC0vV2x3euKz5V/SDY/hblHWwx+w==",
      "dependencies": [
        "@better-auth/core",
        "@better-auth/utils@0.4.2"
      ]
    },
    "@better-auth/telemetry@1.7.4_@better-auth+core@1.7.4__@better-auth+utils@0.4.2__@better-fetch+fetch@1.3.1__better-call@1.4.0___zod@4.6.4__jose@6.2.12__kysely@0.29.5__nanostores@1.5.3__zod@4.6.4_@better-auth+utils@0.4.2_@better-fetch+fetch@1.3.1_better-call@1.4.0__zod@4.6.4_jose@6.2.12_kysely@0.29.5_nanostores@1.5.3": {
      "integrity": "sha512-FycnvWXP1gZ8BlSN1lW9L/YYFVqxi7+n6A9i66gJKdoJqREDdmhxBKOaVCbNhNC2UNDAo9PbBm/6J3gv6WmAEA==",
      "dependencies": [
        "@better-auth/core",
        "@better-auth/utils@0.4.2",
        "@better-fetch/fetch"
      ]
    },
    "@better-auth/utils@0.4.2": {
      "integrity": "sha512-AUxrvu+HaaODsUyzDxFgwd/8RZ1yZaYo42LXKSrU2oGgR38pS1ij8nqQKNgtTWoYGpNevNXtCfgTy6loHveW9A==",
      "dependencies": [
        "@noble/hashes"
      ]
    },
    "@better-auth/utils@0.5.0": {
      "integrity": "sha512-BL8W4EfIZFwlu0r54m3v1ztjDhu6dDe/amLTm0xybmbZaNgYUqhD3SjpAsnq0q8YD6/ki4iwIgxJNLP/N3TxiA==",
      "dependencies": [
        "@noble/hashes"
      ]
    },
    "@better-fetch/fetch@1.3.1": {
      "integrity": "sha512-ABkD1WhyfPZprKRQI3bhATjeiFuNWC9PXhfGWqL+sg/gKrM977oFrYkdb4msM3hgUGonr7KlOsOFT5TU2rht9g=="
    },
    "@noble/ciphers@2.4.0": {
      "integrity": "sha512-AnjFn0Jv92laAkvMrghlFZq4qQCIN/4DxFV/eooqtC2YTjB7kBeLMS2T9KJX4Dn+ZVXLOwK0lSgqDtx9gvxtiw=="
    },
    "@noble/hashes@2.4.0": {
      "integrity": "sha512-X5XaVWZIBCT7HHZGm5I7ZQXDwLG+bGXuSrMQAW+7Zvl87h1kmc1ZB1VSRJcpUfoUrGQp4Fkoxm5kZ+Ms+aW+eA=="
    },
    "@opentelemetry/semantic-conventions@1.43.0": {
      "integrity": "sha512-eSYWTm620tTk45EKSedaUL8MFYI8hW164hIXsgIHyxu3VobUB3fFCu5t0hQby6OoWRPsG1KkKUG2M5UadiLiVg=="
    },
    "@standard-schema/spec@1.1.0": {
      "integrity": "sha512-l2aFy5jALhniG5HgqrD6jXLi/rUWrKvqN/qJx6yoJsgKhblVd+iqqU4RCXavm/jPityDo5TCvKMnpjKnOriy0w=="
    },
    "@supabase/auth-js@2.116.0": {
      "integrity": "sha512-Cmosty12gyKGK9N3bQb+lMmuAFev5nmUzaR1AsmZHqKOAGzqX1VQzmp49CNPwOx/pw0H9Qqk4rs9yhwTlKpfDg==",
      "dependencies": [
        "tslib"
      ]
    },
    "@supabase/functions-js@2.116.0": {
      "integrity": "sha512-E+VOc2QDcni/fySqkBFiZhnoB3SGydEdZgFI6/dEAGAHx6yEhB46TN9qb2wXs+E+RSzOBV0R6dasiSlw4xlZAA==",
      "dependencies": [
        "tslib"
      ]
    },
    "@supabase/phoenix@0.4.5": {
      "integrity": "sha512-aAn9H9ovVyeApKy11OWOrrOGq8DV68yWeH4ud2lN9fzn4aO8Zb5GLL9m1pUg9nLqIcT+ZDfAcsZe0E/nqdv2lw=="
    },
    "@supabase/postgrest-js@2.116.0": {
      "integrity": "sha512-kGpVZTDHxFTJS3tu+rU0iTAZ+4U0bcLVjxwCk8f3gRhjw3qdCZjTBlgYvc4kGH2XccmAzbkKwXL/mrNHMGSc+A==",
      "dependencies": [
        "tslib"
      ]
    },
    "@supabase/realtime-js@2.116.0": {
      "integrity": "sha512-MHAnlXxi2s6yiJsZsQMfs2B3RFxeVfQWxerqYhIMqcCQV/FuY3LIeouPEkXw/ah7wUWMLYwempF9MOCUScyddg==",
      "dependencies": [
        "@supabase/phoenix",
        "tslib"
      ]
    },
    "@supabase/storage-js@2.116.0": {
      "integrity": "sha512-6/3hR6vccBP6oGM5B6RfbwZcTCKmQOodd/ZWQdsw8yJsU5zO/a//oBL6yLnmgxcjnHSrelW8rsO7hL5DPybyUQ==",
      "dependencies": [
        "iceberg-js",
        "tslib"
      ]
    },
    "@supabase/supabase-js@2.116.0": {
      "integrity": "sha512-YyWmKXt2NspV9iO8FPnlswUFJIRnrLd3oTCb+3ZyYRuKZtBH0xCUDgnUqoyA0fGUxpM/UhfwDjYf/dht/9bp7g==",
      "dependencies": [
        "@supabase/auth-js",
        "@supabase/functions-js",
        "@supabase/postgrest-js",
        "@supabase/realtime-js",
        "@supabase/storage-js"
      ]
    },
    "better-auth@1.7.4_pg@8.23.0_@better-auth+utils@0.4.2_@better-fetch+fetch@1.3.1_better-call@1.4.0__zod@4.6.4_jose@6.2.12_kysely@0.29.5_nanostores@1.5.3_@better-auth+core@1.7.4__@better-auth+utils@0.4.2__@better-fetch+fetch@1.3.1__better-call@1.4.0___zod@4.6.4__jose@6.2.12__kysely@0.29.5__nanostores@1.5.3__zod@4.6.4_zod@4.6.4": {
      "integrity": "sha512-rjL9g8b8UvdwK/ZSdawhqYzOm8YegurB6Fuzqtu/zFJamlFrPa+eEhP8Qj2vFWsMzHOk2mb/L4FRYh9pgaU7OA==",
      "dependencies": [
        "@better-auth/core",
        "@better-auth/drizzle-adapter",
        "@better-auth/kysely-adapter",
        "@better-auth/memory-adapter",
        "@better-auth/mongo-adapter",
        "@better-auth/prisma-adapter",
        "@better-auth/telemetry",
        "@better-auth/utils@0.4.2",
        "@better-fetch/fetch",
        "@noble/ciphers",
        "@noble/hashes",
        "better-call",
        "defu",
        "jose",
        "kysely",
        "nanostores",
        "pg",
        "zod"
      ],
      "optionalPeers": [
        "pg"
      ]
    },
    "better-call@1.4.0_zod@4.6.4": {
      "integrity": "sha512-bBKOT4vv1kZLDgxVePdilk/Jwkn+dtRRsmi3DzHcDP+WnswyVl6dR59l2HEeP/0cB+bDoopASAesWDPIdd/zZA==",
      "dependencies": [
        "@better-auth/utils@0.5.0",
        "@better-fetch/fetch",
        "rou3",
        "set-cookie-parser",
        "zod"
      ],
      "optionalPeers": [
        "zod"
      ]
    },
    "defu@6.1.7": {
      "integrity": "sha512-7z22QmUWiQ/2d0KkdYmANbRUVABpZ9SNYyH5vx6PZ+nE5bcC0l7uFvEfHlyld/HcGBFTL536ClDt3DEcSlEJAQ=="
    },
    "iceberg-js@0.8.1": {
      "integrity": "sha512-1dhVQZXhcHje7798IVM+xoo/1ZdVfzOMIc8/rgVSijRK38EDqOJoGula9N/8ZI5RD8QTxNQtK/Gozpr+qUqRRA=="
    },
    "jose@6.2.12": {
      "integrity": "sha512-9NiFmJEex0sy2Dk58j2UGBSHgUs2ypF9eZSu4L6vjOX3Dp96Sw1F3uL+H+D1sx02jZZdzUT0HgvCy59CuvXcWw=="
    },
    "kysely@0.29.5": {
      "integrity": "sha512-ooa+eSbBNPTo3MycPEuW5jdrxQdQwdtB3LC3h43FiXQbIry5tR0C5lDG7eealK0E4D7XjrnOP5DIUg/LyjRMYQ=="
    },
    "nanostores@1.5.3": {
      "integrity": "sha512-rQLB6eV4f2AW/n3L0JmwCROpaisYy9EDEADvEFSd1C/qG8hB6O5TPlh9A791JRbJr4CnMQBzptDcvD9OR1+6WA=="
    },
    "pg-cloudflare@1.4.0": {
      "integrity": "sha512-Vo7z/6rrQYxpNRylp4Tlob2elzbh+N/MOQbxFVWCxS7oEx6jF53GTJFxK2WWpKuBRkmiin4Mt+xofFDjx09R0A=="
    },
    "pg-connection-string@2.14.0": {
      "integrity": "sha512-XwWDGcLRGCXAR8F/AM5bG7Q+A3Wm2s6QeEjlOKZLlH3UYcguiqCWKyWXVag5TLTIjR7oOJUY8kcADaZgWPyLeg=="
    },
    "pg-int8@1.0.1": {
      "integrity": "sha512-WCtabS6t3c8SkpDBUlb1kjOs7l66xsGdKpIPZsg4wR+B3+u9UAum2odSsF9tnvxg80h4ZxLWMy4pRjOsFIqQpw=="
    },
    "pg-pool@3.14.0_pg@8.23.0": {
      "integrity": "sha512-gKtPkFdQPU3DksooVLi9LsjZxrsBUZIpa+7aVx+LV5pNh0KzP4Zleud2po+ConrxbuXGBJ6Hfer6hdgpIBpBaw==",
      "dependencies": [
        "pg"
      ]
    },
    "pg-protocol@1.16.0": {
      "integrity": "sha512-sILXutLVjCLjcDuOmvhX5e2Z4cS5qG/6Bu3VkpFwdf/633ElGLpEh9bgmuI5I4sqKqkifQiGyiCcx1HdtrK7tg=="
    },
    "pg-types@2.2.0": {
      "integrity": "sha512-qTAAlrEsl8s4OiEQY69wDvcMIdQN6wdz5ojQiOy6YRMuynxenON0O5oCpJI6lshc6scgAY8qvJ2On/p+CXY0GA==",
      "dependencies": [
        "pg-int8",
        "postgres-array",
        "postgres-bytea",
        "postgres-date",
        "postgres-interval"
      ]
    },
    "pg@8.23.0": {
      "integrity": "sha512-Ip2EQCngowJLGOfCwkFhPXU7/ljlhn6Rxlmy4XYfL2Y+vyRM59+8uR2xqRWKdYmbXmxCFOAmKxBuSUCdF34qLg==",
      "dependencies": [
        "pg-connection-string",
        "pg-pool",
        "pg-protocol",
        "pg-types",
        "pgpass"
      ],
      "optionalDependencies": [
        "pg-cloudflare"
      ]
    },
    "pgpass@1.0.5": {
      "integrity": "sha512-FdW9r/jQZhSeohs1Z3sI1yxFQNFvMcnmfuj4WBMUTxOrAyLMaTcE1aAMBiTlbMNaXvBCQuVi0R7hd8udDSP7ug==",
      "dependencies": [
        "split2"
      ]
    },
    "postgres-array@2.0.0": {
      "integrity": "sha512-VpZrUqU5A69eQyW2c5CA1jtLecCsN2U/bD6VilrFDWq5+5UIEVO7nazS3TEcHf1zuPYO/sqGvUvW62g86RXZuA=="
    },
    "postgres-bytea@1.0.1": {
      "integrity": "sha512-5+5HqXnsZPE65IJZSMkZtURARZelel2oXUEO8rH83VS/hxH5vv1uHquPg5wZs8yMAfdv971IU+kcPUczi7NVBQ=="
    },
    "postgres-date@1.0.7": {
      "integrity": "sha512-suDmjLVQg78nMK2UZ454hAG+OAW+HQPZ6n++TNDUX+L0+uUlLywnoxJKDou51Zm+zTCjrCl0Nq6J9C5hP9vK/Q=="
    },
    "postgres-interval@1.2.0": {
      "integrity": "sha512-9ZhXKM/rw350N1ovuWHbGxnGh/SNJ4cnxHiM0rxE4VN41wsg8P8zWn9hv/buK00RP4WvlOyr/RBDiptyxVbkZQ==",
      "dependencies": [
        "xtend"
      ]
    },
    "rou3@0.9.2": {
      "integrity": "sha512-3SOzvaAg8rkHrXtRjpCvCvbyO5to9oOO27Z/XqHEYXfMRVSw/qMIVdmaOk9W2lcRLtR6dlqTjo9hDeJk70QBYQ=="
    },
    "set-cookie-parser@3.1.2": {
      "integrity": "sha512-5/r/lTwbJ3zQ+qwdUFZYeRNqda7P5HD8zQKqlSjdGt1/S0cjLAphHusj4Y58ahDtWn/g32xrIS58/ikOvwl0Lw=="
    },
    "split2@4.2.0": {
      "integrity": "sha512-UcjcJOWknrNkF6PLX83qcHM6KHgVKNkV62Y8a5uYDVv9ydGQVwAHMKqHdJje1VTWpljG0WYpCDhrCdAOYH4TWg=="
    },
    "tslib@2.8.1": {
      "integrity": "sha512-oJFu94HQb+KVduSUQL7wnpmqnfmLsOA/nAh6b6EH0wCEoK0/mPeXU6c3wKDV83MkOuHPRHtSXKKU99IBazS/2w=="
    },
    "xtend@4.0.2": {
      "integrity": "sha512-LKYU1iAXJXUgAXn9URjiu+MWhyUXHsvfp7mcuYm9dSUKK0/CjtrUwFAxD82/mCWbtLsGjFIad0wIsod4zrTAEQ=="
    },
    "zod@4.6.4": {
      "integrity": "sha512-AXSD6hvGdvRjajG/l1cC+d6IrhH+sjmPKtYeQdJIK8MFJl3LyClzS+o/YsVC+zQZPupAaeH5skwwm8YqYH7BqA=="
    }
  },
  "workspace": {
    "dependencies": [
      "npm:@supabase/supabase-js@2.116.0",
      "npm:better-auth@1.7.4",
      "npm:pg@8.23.0"
    ]
  }
}
